
Microsoft Visual Studio Solution File, Format Version 12.00
# Visual Studio Version 17
VisualStudioVersion = 17.1.31911.260
MinimumVisualStudioVersion = 15.0.26124.0
Project("{9A19103F-16F7-4668-BE54-9A1E7A4F7556}") = "Launch", "Launch\Launch.csproj", "{EF9E2DD1-AEB2-495F-BD80-C6C2FA667053}"
EndProject
Project("{9A19103F-16F7-4668-BE54-9A1E7A4F7556}") = "Bot", "Bot\Bot.csproj", "{3019FB0E-186D-4440-8166-0996C36231BE}"
EndProject
Project("{9A19103F-16F7-4668-BE54-9A1E7A4F7556}") = "AutoMods", "AutoMods\AutoMods.csproj", "{2370CDDE-7E32-4EDB-8A12-07F69BC67CA9}"
EndProject
Project("{9A19103F-16F7-4668-BE54-9A1E7A4F7556}") = "Punishments", "Punishments\Punishments.csproj", "{9359984A-A346-41CC-AC02-95655F1CC56E}"
EndProject
Project("{9A19103F-16F7-4668-BE54-9A1E7A4F7556}") = "GuildAudits", "GuildAudits\GuildAudits.csproj", "{9F6EF470-5F1D-4AE1-9FF8-F78315D4B136}"
EndProject
Project("{9A19103F-16F7-4668-BE54-9A1E7A4F7556}") = "Invites", "Invites\Invites.csproj", "{98151921-A47B-4272-AB2F-8C8A19947A90}"
EndProject
Project("{9A19103F-16F7-4668-BE54-9A1E7A4F7556}") = "MOTDs", "MOTDs\MOTDs.csproj", "{3C4A2104-767D-457E-8897-8E16CA952100}"
EndProject
Project("{9A19103F-16F7-4668-BE54-9A1E7A4F7556}") = "Utilities", "Utilities\Utilities.csproj", "{F125780C-C08F-45C9-A18C-6DF8514AC603}"
EndProject
Project("{9A19103F-16F7-4668-BE54-9A1E7A4F7556}") = "UserNotes", "UserNotes\UserNotes.csproj", "{DB10A4D8-1589-494D-BF77-D9B7A01C0C83}"
EndProject
Project("{9A19103F-16F7-4668-BE54-9A1E7A4F7556}") = "UserMaps", "UserMaps\UserMaps.csproj", "{C6CE7B09-E263-4453-BD0B-19B8075FF8A3}"
EndProject
Project("{9A19103F-16F7-4668-BE54-9A1E7A4F7556}") = "Messaging", "Messaging\Messaging.csproj", "{8BE049C2-1FA3-4264-8806-7EC8488A228E}"
EndProject
Project("{9A19103F-16F7-4668-BE54-9A1E7A4F7556}") = "Levels", "Levels\Levels.csproj", "{E4EE641A-30EE-4E5D-AB0C-53F8DD0651A0}"
EndProject
Project("{FAE04EC0-301F-11D3-BF4B-00C04F79EFBC}") = "Inventory", "Inventory\Inventory.csproj", "{FB6BAA3D-29E0-4351-BECB-EA8D74276D4D}"
EndProject
Global
	GlobalSection(SolutionConfigurationPlatforms) = preSolution
		Debug|Any CPU = Debug|Any CPU
		Debug|x64 = Debug|x64
		Debug|x86 = Debug|x86
		Release|Any CPU = Release|Any CPU
		Release|x64 = Release|x64
		Release|x86 = Release|x86
	EndGlobalSection
	GlobalSection(ProjectConfigurationPlatforms) = postSolution
		{EF9E2DD1-AEB2-495F-BD80-C6C2FA667053}.Debug|Any CPU.ActiveCfg = Debug|Any CPU
		{EF9E2DD1-AEB2-495F-BD80-C6C2FA667053}.Debug|Any CPU.Build.0 = Debug|Any CPU
		{EF9E2DD1-AEB2-495F-BD80-C6C2FA667053}.Debug|x64.ActiveCfg = Debug|Any CPU
		{EF9E2DD1-AEB2-495F-BD80-C6C2FA667053}.Debug|x64.Build.0 = Debug|Any CPU
		{EF9E2DD1-AEB2-495F-BD80-C6C2FA667053}.Debug|x86.ActiveCfg = Debug|Any CPU
		{EF9E2DD1-AEB2-495F-BD80-C6C2FA667053}.Debug|x86.Build.0 = Debug|Any CPU
		{EF9E2DD1-AEB2-495F-BD80-C6C2FA667053}.Release|Any CPU.ActiveCfg = Release|Any CPU
		{EF9E2DD1-AEB2-495F-BD80-C6C2FA667053}.Release|Any CPU.Build.0 = Release|Any CPU
		{EF9E2DD1-AEB2-495F-BD80-C6C2FA667053}.Release|x64.ActiveCfg = Release|Any CPU
		{EF9E2DD1-AEB2-495F-BD80-C6C2FA667053}.Release|x64.Build.0 = Release|Any CPU
		{EF9E2DD1-AEB2-495F-BD80-C6C2FA667053}.Release|x86.ActiveCfg = Release|Any CPU
		{EF9E2DD1-AEB2-495F-BD80-C6C2FA667053}.Release|x86.Build.0 = Release|Any CPU
		{3019FB0E-186D-4440-8166-0996C36231BE}.Debug|Any CPU.ActiveCfg = Debug|Any CPU
		{3019FB0E-186D-4440-8166-0996C36231BE}.Debug|Any CPU.Build.0 = Debug|Any CPU
		{3019FB0E-186D-4440-8166-0996C36231BE}.Debug|x64.ActiveCfg = Debug|Any CPU
		{3019FB0E-186D-4440-8166-0996C36231BE}.Debug|x64.Build.0 = Debug|Any CPU
		{3019FB0E-186D-4440-8166-0996C36231BE}.Debug|x86.ActiveCfg = Debug|Any CPU
		{3019FB0E-186D-4440-8166-0996C36231BE}.Debug|x86.Build.0 = Debug|Any CPU
		{3019FB0E-186D-4440-8166-0996C36231BE}.Release|Any CPU.ActiveCfg = Release|Any CPU
		{3019FB0E-186D-4440-8166-0996C36231BE}.Release|Any CPU.Build.0 = Release|Any CPU
		{3019FB0E-186D-4440-8166-0996C36231BE}.Release|x64.ActiveCfg = Release|Any CPU
		{3019FB0E-186D-4440-8166-0996C36231BE}.Release|x64.Build.0 = Release|Any CPU
		{3019FB0E-186D-4440-8166-0996C36231BE}.Release|x86.ActiveCfg = Release|Any CPU
		{3019FB0E-186D-4440-8166-0996C36231BE}.Release|x86.Build.0 = Release|Any CPU
		{2370CDDE-7E32-4EDB-8A12-07F69BC67CA9}.Debug|Any CPU.ActiveCfg = Debug|Any CPU
		{2370CDDE-7E32-4EDB-8A12-07F69BC67CA9}.Debug|Any CPU.Build.0 = Debug|Any CPU
		{2370CDDE-7E32-4EDB-8A12-07F69BC67CA9}.Debug|x64.ActiveCfg = Debug|Any CPU
		{2370CDDE-7E32-4EDB-8A12-07F69BC67CA9}.Debug|x64.Build.0 = Debug|Any CPU
		{2370CDDE-7E32-4EDB-8A12-07F69BC67CA9}.Debug|x86.ActiveCfg = Debug|Any CPU
		{2370CDDE-7E32-4EDB-8A12-07F69BC67CA9}.Debug|x86.Build.0 = Debug|Any CPU
		{2370CDDE-7E32-4EDB-8A12-07F69BC67CA9}.Release|Any CPU.ActiveCfg = Release|Any CPU
		{2370CDDE-7E32-4EDB-8A12-07F69BC67CA9}.Release|Any CPU.Build.0 = Release|Any CPU
		{2370CDDE-7E32-4EDB-8A12-07F69BC67CA9}.Release|x64.ActiveCfg = Release|Any CPU
		{2370CDDE-7E32-4EDB-8A12-07F69BC67CA9}.Release|x64.Build.0 = Release|Any CPU
		{2370CDDE-7E32-4EDB-8A12-07F69BC67CA9}.Release|x86.ActiveCfg = Release|Any CPU
		{2370CDDE-7E32-4EDB-8A12-07F69BC67CA9}.Release|x86.Build.0 = Release|Any CPU
		{9359984A-A346-41CC-AC02-95655F1CC56E}.Debug|Any CPU.ActiveCfg = Debug|Any CPU
		{9359984A-A346-41CC-AC02-95655F1CC56E}.Debug|Any CPU.Build.0 = Debug|Any CPU
		{9359984A-A346-41CC-AC02-95655F1CC56E}.Debug|x64.ActiveCfg = Debug|Any CPU
		{9359984A-A346-41CC-AC02-95655F1CC56E}.Debug|x64.Build.0 = Debug|Any CPU
		{9359984A-A346-41CC-AC02-95655F1CC56E}.Debug|x86.ActiveCfg = Debug|Any CPU
		{9359984A-A346-41CC-AC02-95655F1CC56E}.Debug|x86.Build.0 = Debug|Any CPU
		{9359984A-A346-41CC-AC02-95655F1CC56E}.Release|Any CPU.ActiveCfg = Release|Any CPU
		{9359984A-A346-41CC-AC02-95655F1CC56E}.Release|Any CPU.Build.0 = Release|Any CPU
		{9359984A-A346-41CC-AC02-95655F1CC56E}.Release|x64.ActiveCfg = Release|Any CPU
		{9359984A-A346-41CC-AC02-95655F1CC56E}.Release|x64.Build.0 = Release|Any CPU
		{9359984A-A346-41CC-AC02-95655F1CC56E}.Release|x86.ActiveCfg = Release|Any CPU
		{9359984A-A346-41CC-AC02-95655F1CC56E}.Release|x86.Build.0 = Release|Any CPU
		{9F6EF470-5F1D-4AE1-9FF8-F78315D4B136}.Debug|Any CPU.ActiveCfg = Debug|Any CPU
		{9F6EF470-5F1D-4AE1-9FF8-F78315D4B136}.Debug|Any CPU.Build.0 = Debug|Any CPU
		{9F6EF470-5F1D-4AE1-9FF8-F78315D4B136}.Debug|x64.ActiveCfg = Debug|Any CPU
		{9F6EF470-5F1D-4AE1-9FF8-F78315D4B136}.Debug|x64.Build.0 = Debug|Any CPU
		{9F6EF470-5F1D-4AE1-9FF8-F78315D4B136}.Debug|x86.ActiveCfg = Debug|Any CPU
		{9F6EF470-5F1D-4AE1-9FF8-F78315D4B136}.Debug|x86.Build.0 = Debug|Any CPU
		{9F6EF470-5F1D-4AE1-9FF8-F78315D4B136}.Release|Any CPU.ActiveCfg = Release|Any CPU
		{9F6EF470-5F1D-4AE1-9FF8-F78315D4B136}.Release|Any CPU.Build.0 = Release|Any CPU
		{9F6EF470-5F1D-4AE1-9FF8-F78315D4B136}.Release|x64.ActiveCfg = Release|Any CPU
		{9F6EF470-5F1D-4AE1-9FF8-F78315D4B136}.Release|x64.Build.0 = Release|Any CPU
		{9F6EF470-5F1D-4AE1-9FF8-F78315D4B136}.Release|x86.ActiveCfg = Release|Any CPU
		{9F6EF470-5F1D-4AE1-9FF8-F78315D4B136}.Release|x86.Build.0 = Release|Any CPU
		{98151921-A47B-4272-AB2F-8C8A19947A90}.Debug|Any CPU.ActiveCfg = Debug|Any CPU
		{98151921-A47B-4272-AB2F-8C8A19947A90}.Debug|Any CPU.Build.0 = Debug|Any CPU
		{98151921-A47B-4272-AB2F-8C8A19947A90}.Debug|x64.ActiveCfg = Debug|Any CPU
		{98151921-A47B-4272-AB2F-8C8A19947A90}.Debug|x64.Build.0 = Debug|Any CPU
		{98151921-A47B-4272-AB2F-8C8A19947A90}.Debug|x86.ActiveCfg = Debug|Any CPU
		{98151921-A47B-4272-AB2F-8C8A19947A90}.Debug|x86.Build.0 = Debug|Any CPU
		{98151921-A47B-4272-AB2F-8C8A19947A90}.Release|Any CPU.ActiveCfg = Release|Any CPU
		{98151921-A47B-4272-AB2F-8C8A19947A90}.Release|Any CPU.Build.0 = Release|Any CPU
		{98151921-A47B-4272-AB2F-8C8A19947A90}.Release|x64.ActiveCfg = Release|Any CPU
		{98151921-A47B-4272-AB2F-8C8A19947A90}.Release|x64.Build.0 = Release|Any CPU
		{98151921-A47B-4272-AB2F-8C8A19947A90}.Release|x86.ActiveCfg = Release|Any CPU
		{98151921-A47B-4272-AB2F-8C8A19947A90}.Release|x86.Build.0 = Release|Any CPU
		{3C4A2104-767D-457E-8897-8E16CA952100}.Debug|Any CPU.ActiveCfg = Debug|Any CPU
		{3C4A2104-767D-457E-8897-8E16CA952100}.Debug|Any CPU.Build.0 = Debug|Any CPU
		{3C4A2104-767D-457E-8897-8E16CA952100}.Debug|x64.ActiveCfg = Debug|Any CPU
		{3C4A2104-767D-457E-8897-8E16CA952100}.Debug|x64.Build.0 = Debug|Any CPU
		{3C4A2104-767D-457E-8897-8E16CA952100}.Debug|x86.ActiveCfg = Debug|Any CPU
		{3C4A2104-767D-457E-8897-8E16CA952100}.Debug|x86.Build.0 = Debug|Any CPU
		{3C4A2104-767D-457E-8897-8E16CA952100}.Release|Any CPU.ActiveCfg = Release|Any CPU
		{3C4A2104-767D-457E-8897-8E16CA952100}.Release|Any CPU.Build.0 = Release|Any CPU
		{3C4A2104-767D-457E-8897-8E16CA952100}.Release|x64.ActiveCfg = Release|Any CPU
		{3C4A2104-767D-457E-8897-8E16CA952100}.Release|x64.Build.0 = Release|Any CPU
		{3C4A2104-767D-457E-8897-8E16CA952100}.Release|x86.ActiveCfg = Release|Any CPU
		{3C4A2104-767D-457E-8897-8E16CA952100}.Release|x86.Build.0 = Release|Any CPU
		{F125780C-C08F-45C9-A18C-6DF8514AC603}.Debug|Any CPU.ActiveCfg = Debug|Any CPU
		{F125780C-C08F-45C9-A18C-6DF8514AC603}.Debug|Any CPU.Build.0 = Debug|Any CPU
		{F125780C-C08F-45C9-A18C-6DF8514AC603}.Debug|x64.ActiveCfg = Debug|Any CPU
		{F125780C-C08F-45C9-A18C-6DF8514AC603}.Debug|x64.Build.0 = Debug|Any CPU
		{F125780C-C08F-45C9-A18C-6DF8514AC603}.Debug|x86.ActiveCfg = Debug|Any CPU
		{F125780C-C08F-45C9-A18C-6DF8514AC603}.Debug|x86.Build.0 = Debug|Any CPU
		{F125780C-C08F-45C9-A18C-6DF8514AC603}.Release|Any CPU.ActiveCfg = Release|Any CPU
		{F125780C-C08F-45C9-A18C-6DF8514AC603}.Release|Any CPU.Build.0 = Release|Any CPU
		{F125780C-C08F-45C9-A18C-6DF8514AC603}.Release|x64.ActiveCfg = Release|Any CPU
		{F125780C-C08F-45C9-A18C-6DF8514AC603}.Release|x64.Build.0 = Release|Any CPU
		{F125780C-C08F-45C9-A18C-6DF8514AC603}.Release|x86.ActiveCfg = Release|Any CPU
		{F125780C-C08F-45C9-A18C-6DF8514AC603}.Release|x86.Build.0 = Release|Any CPU
		{DB10A4D8-1589-494D-BF77-D9B7A01C0C83}.Debug|Any CPU.ActiveCfg = Debug|Any CPU
		{DB10A4D8-1589-494D-BF77-D9B7A01C0C83}.Debug|Any CPU.Build.0 = Debug|Any CPU
		{DB10A4D8-1589-494D-BF77-D9B7A01C0C83}.Debug|x64.ActiveCfg = Debug|Any CPU
		{DB10A4D8-1589-494D-BF77-D9B7A01C0C83}.Debug|x64.Build.0 = Debug|Any CPU
		{DB10A4D8-1589-494D-BF77-D9B7A01C0C83}.Debug|x86.ActiveCfg = Debug|Any CPU
		{DB10A4D8-1589-494D-BF77-D9B7A01C0C83}.Debug|x86.Build.0 = Debug|Any CPU
		{DB10A4D8-1589-494D-BF77-D9B7A01C0C83}.Release|Any CPU.ActiveCfg = Release|Any CPU
		{DB10A4D8-1589-494D-BF77-D9B7A01C0C83}.Release|Any CPU.Build.0 = Release|Any CPU
		{DB10A4D8-1589-494D-BF77-D9B7A01C0C83}.Release|x64.ActiveCfg = Release|Any CPU
		{DB10A4D8-1589-494D-BF77-D9B7A01C0C83}.Release|x64.Build.0 = Release|Any CPU
		{DB10A4D8-1589-494D-BF77-D9B7A01C0C83}.Release|x86.ActiveCfg = Release|Any CPU
		{DB10A4D8-1589-494D-BF77-D9B7A01C0C83}.Release|x86.Build.0 = Release|Any CPU
		{C6CE7B09-E263-4453-BD0B-19B8075FF8A3}.Debug|Any CPU.ActiveCfg = Debug|Any CPU
		{C6CE7B09-E263-4453-BD0B-19B8075FF8A3}.Debug|Any CPU.Build.0 = Debug|Any CPU
		{C6CE7B09-E263-4453-BD0B-19B8075FF8A3}.Debug|x64.ActiveCfg = Debug|Any CPU
		{C6CE7B09-E263-4453-BD0B-19B8075FF8A3}.Debug|x64.Build.0 = Debug|Any CPU
		{C6CE7B09-E263-4453-BD0B-19B8075FF8A3}.Debug|x86.ActiveCfg = Debug|Any CPU
		{C6CE7B09-E263-4453-BD0B-19B8075FF8A3}.Debug|x86.Build.0 = Debug|Any CPU
		{C6CE7B09-E263-4453-BD0B-19B8075FF8A3}.Release|Any CPU.ActiveCfg = Release|Any CPU
		{C6CE7B09-E263-4453-BD0B-19B8075FF8A3}.Release|Any CPU.Build.0 = Release|Any CPU
		{C6CE7B09-E263-4453-BD0B-19B8075FF8A3}.Release|x64.ActiveCfg = Release|Any CPU
		{C6CE7B09-E263-4453-BD0B-19B8075FF8A3}.Release|x64.Build.0 = Release|Any CPU
		{C6CE7B09-E263-4453-BD0B-19B8075FF8A3}.Release|x86.ActiveCfg = Release|Any CPU
		{C6CE7B09-E263-4453-BD0B-19B8075FF8A3}.Release|x86.Build.0 = Release|Any CPU
		{8BE049C2-1FA3-4264-8806-7EC8488A228E}.Debug|Any CPU.ActiveCfg = Debug|Any CPU
		{8BE049C2-1FA3-4264-8806-7EC8488A228E}.Debug|Any CPU.Build.0 = Debug|Any CPU
		{8BE049C2-1FA3-4264-8806-7EC8488A228E}.Debug|x64.ActiveCfg = Debug|Any CPU
		{8BE049C2-1FA3-4264-8806-7EC8488A228E}.Debug|x64.Build.0 = Debug|Any CPU
		{8BE049C2-1FA3-4264-8806-7EC8488A228E}.Debug|x86.ActiveCfg = Debug|Any CPU
		{8BE049C2-1FA3-4264-8806-7EC8488A228E}.Debug|x86.Build.0 = Debug|Any CPU
		{8BE049C2-1FA3-4264-8806-7EC8488A228E}.Release|Any CPU.ActiveCfg = Release|Any CPU
		{8BE049C2-1FA3-4264-8806-7EC8488A228E}.Release|Any CPU.Build.0 = Release|Any CPU
		{8BE049C2-1FA3-4264-8806-7EC8488A228E}.Release|x64.ActiveCfg = Release|Any CPU
		{8BE049C2-1FA3-4264-8806-7EC8488A228E}.Release|x64.Build.0 = Release|Any CPU
		{8BE049C2-1FA3-4264-8806-7EC8488A228E}.Release|x86.ActiveCfg = Release|Any CPU
		{8BE049C2-1FA3-4264-8806-7EC8488A228E}.Release|x86.Build.0 = Release|Any CPU
		{E4EE641A-30EE-4E5D-AB0C-53F8DD0651A0}.Debug|Any CPU.ActiveCfg = Debug|Any CPU
		{E4EE641A-30EE-4E5D-AB0C-53F8DD0651A0}.Debug|Any CPU.Build.0 = Debug|Any CPU
		{E4EE641A-30EE-4E5D-AB0C-53F8DD0651A0}.Debug|x64.ActiveCfg = Debug|Any CPU
		{E4EE641A-30EE-4E5D-AB0C-53F8DD0651A0}.Debug|x64.Build.0 = Debug|Any CPU
		{E4EE641A-30EE-4E5D-AB0C-53F8DD0651A0}.Debug|x86.ActiveCfg = Debug|Any CPU
		{E4EE641A-30EE-4E5D-AB0C-53F8DD0651A0}.Debug|x86.Build.0 = Debug|Any CPU
		{E4EE641A-30EE-4E5D-AB0C-53F8DD0651A0}.Release|Any CPU.ActiveCfg = Release|Any CPU
		{E4EE641A-30EE-4E5D-AB0C-53F8DD0651A0}.Release|Any CPU.Build.0 = Release|Any CPU
		{E4EE641A-30EE-4E5D-AB0C-53F8DD0651A0}.Release|x64.ActiveCfg = Release|Any CPU
		{E4EE641A-30EE-4E5D-AB0C-53F8DD0651A0}.Release|x64.Build.0 = Release|Any CPU
		{E4EE641A-30EE-4E5D-AB0C-53F8DD0651A0}.Release|x86.ActiveCfg = Release|Any CPU
		{E4EE641A-30EE-4E5D-AB0C-53F8DD0651A0}.Release|x86.Build.0 = Release|Any CPU
		{FB6BAA3D-29E0-4351-BECB-EA8D74276D4D}.Debug|Any CPU.ActiveCfg = Debug|Any CPU
		{FB6BAA3D-29E0-4351-BECB-EA8D74276D4D}.Debug|Any CPU.Build.0 = Debug|Any CPU
		{FB6BAA3D-29E0-4351-BECB-EA8D74276D4D}.Debug|x64.ActiveCfg = Debug|Any CPU
		{FB6BAA3D-29E0-4351-BECB-EA8D74276D4D}.Debug|x64.Build.0 = Debug|Any CPU
		{FB6BAA3D-29E0-4351-BECB-EA8D74276D4D}.Debug|x86.ActiveCfg = Debug|Any CPU
		{FB6BAA3D-29E0-4351-BECB-EA8D74276D4D}.Debug|x86.Build.0 = Debug|Any CPU
		{FB6BAA3D-29E0-4351-BECB-EA8D74276D4D}.Release|Any CPU.ActiveCfg = Release|Any CPU
		{FB6BAA3D-29E0-4351-BECB-EA8D74276D4D}.Release|Any CPU.Build.0 = Release|Any CPU
		{FB6BAA3D-29E0-4351-BECB-EA8D74276D4D}.Release|x64.ActiveCfg = Release|Any CPU
		{FB6BAA3D-29E0-4351-BECB-EA8D74276D4D}.Release|x64.Build.0 = Release|Any CPU
		{FB6BAA3D-29E0-4351-BECB-EA8D74276D4D}.Release|x86.ActiveCfg = Release|Any CPU
		{FB6BAA3D-29E0-4351-BECB-EA8D74276D4D}.Release|x86.Build.0 = Release|Any CPU
	EndGlobalSection
	GlobalSection(SolutionProperties) = preSolution
		HideSolutionNode = FALSE
	EndGlobalSection
	GlobalSection(ExtensibilityGlobals) = postSolution
		SolutionGuid = {EDCFD110-D5DD-475B-BA20-D9BDBE899829}
	EndGlobalSection
EndGlobal
